
Microsoft Visual Studio Solution File, Format Version 12.00
# Visual Studio Version 16
VisualStudioVersion = 16.0.29709.97
MinimumVisualStudioVersion = 10.0.40219.1
Project("{FAE04EC0-301F-11D3-BF4B-00C04F79EFBC}") = "WindowsFormsApplication1", "WindowsFormsApplication1\WindowsFormsApplication1.csproj", "{1610A648-DB2C-4B68-AEA5-4466F4139234}"
EndProject
Project("{54435603-DBB4-11D2-8724-00A0C9A8B90C}") = "Setup1", "Setup1\Setup1.vdproj", "{65F2C1E8-4451-46C5-B460-598D47E22A2B}"
EndProject
Global
	GlobalSection(SolutionConfigurationPlatforms) = preSolution
		Debug|Any CPU = Debug|Any CPU
		Release|Any CPU = Release|Any CPU
	EndGlobalSection
	GlobalSection(ProjectConfigurationPlatforms) = postSolution
		{1610A648-DB2C-4B68-AEA5-4466F4139234}.Debug|Any CPU.ActiveCfg = Debug|Any CPU
		{1610A648-DB2C-4B68-AEA5-4466F4139234}.Debug|Any CPU.Build.0 = Debug|Any CPU
		{1610A648-DB2C-4B68-AEA5-4466F4139234}.Release|Any CPU.ActiveCfg = Debug|Any CPU
		{1610A648-DB2C-4B68-AEA5-4466F4139234}.Release|Any CPU.Build.0 = Debug|Any CPU
		{65F2C1E8-4451-46C5-B460-598D47E22A2B}.Debug|Any CPU.ActiveCfg = Debug
		{65F2C1E8-4451-46C5-B460-598D47E22A2B}.Release|Any CPU.ActiveCfg = Release
	EndGlobalSection
	GlobalSection(SolutionProperties) = preSolution
		HideSolutionNode = FALSE
	EndGlobalSection
	GlobalSection(ExtensibilityGlobals) = postSolution
		SolutionGuid = {F260823D-26E3-4B0E-ADA8-500165D852C4}
	EndGlobalSection
EndGlobal
